
Microsoft Visual Studio Solution File, Format Version 12.00
# Visual Studio Version 16
VisualStudioVersion = 16.0.30907.101
MinimumVisualStudioVersion = 10.0.40219.1
Project("{2150E333-8FDC-42A3-9474-1A3956D46DE8}") = "Client", "Client", "{C9DB11B3-2370-47A1-8EF7-AF84B9642D1F}"
EndProject
Project("{2150E333-8FDC-42A3-9474-1A3956D46DE8}") = "Server", "Server", "{53AAF802-F95B-4F0C-A66E-3A2F7E56D766}"
EndProject
Project("{9A19103F-16F7-4668-BE54-9A1E7A4F7556}") = "Zhaoxi.SmartParking.Server.Start", "Server\Zhaoxi.SmartParking.Server.Start\Zhaoxi.SmartParking.Server.Start.csproj", "{DC92A6BE-E381-47CB-B190-7A917BC989E5}"
EndProject
Project("{FAE04EC0-301F-11D3-BF4B-00C04F79EFBC}") = "Zhaoxi.SmartParking.Client.Start", "Client\Zhaoxi.SmartParking.Client.Start\Zhaoxi.SmartParking.Client.Start.csproj", "{F2BA5FF3-2762-4EE6-A6B8-4B8C289B1B99}"
EndProject
Project("{2150E333-8FDC-42A3-9474-1A3956D46DE8}") = "4.Common", "4.Common", "{38680994-D7BD-42C3-9571-6735F94F8B7F}"
EndProject
Project("{9A19103F-16F7-4668-BE54-9A1E7A4F7556}") = "Zhaoxi.SmartParking.Server.Common", "Server\Zhaoxi.SmartParking.Server.Common\Zhaoxi.SmartParking.Server.Common.csproj", "{53BB7617-C03C-4DD0-85FE-84306569F628}"
EndProject
Project("{9A19103F-16F7-4668-BE54-9A1E7A4F7556}") = "Zhaoxi.SmartParking.Server.EFCore", "Server\Zhaoxi.SmartParking.Server.EFCore\Zhaoxi.SmartParking.Server.EFCore.csproj", "{7167C0FF-08DD-4058-BCB9-3BCB0F494343}"
EndProject
Project("{9A19103F-16F7-4668-BE54-9A1E7A4F7556}") = "Zhaoxi.SmartParking.Server.ICommon", "Server\Zhaoxi.SmartParking.Server.ICommon\Zhaoxi.SmartParking.Server.ICommon.csproj", "{C2C573EE-49EC-47DB-AE9A-0239CEDAAEF0}"
EndProject
Project("{2150E333-8FDC-42A3-9474-1A3956D46DE8}") = "2.Service", "2.Service", "{A2468904-7071-4F97-BB5E-6A2F7003BE5F}"
EndProject
Project("{9A19103F-16F7-4668-BE54-9A1E7A4F7556}") = "Zhaoxi.SmartParking.Server.IService", "Server\Zhaoxi.SmartParking.Server.IService\Zhaoxi.SmartParking.Server.IService.csproj", "{38DC9F3E-A596-49D9-954D-FD3207D20EE6}"
EndProject
Project("{9A19103F-16F7-4668-BE54-9A1E7A4F7556}") = "Zhaoxi.SmartParking.Server.Service", "Server\Zhaoxi.SmartParking.Server.Service\Zhaoxi.SmartParking.Server.Service.csproj", "{2F59C662-1A07-44E3-BC1B-ED9DC3A38E7E}"
EndProject
Project("{9A19103F-16F7-4668-BE54-9A1E7A4F7556}") = "Zhaoxi.SmartParking.Server.Models", "Server\Zhaoxi.SmartParking.Server.Models\Zhaoxi.SmartParking.Server.Models.csproj", "{9FC9B625-1A62-41E4-BCA5-12681E697A4E}"
EndProject
Project("{2150E333-8FDC-42A3-9474-1A3956D46DE8}") = "2.Modules", "2.Modules", "{EF02EDCD-FFD6-488E-998D-3E9F13F3C8A7}"
EndProject
Project("{2150E333-8FDC-42A3-9474-1A3956D46DE8}") = "3.BLL", "3.BLL", "{D166D6C5-3591-47E8-B79E-4D29B7D1F4B9}"
EndProject
Project("{2150E333-8FDC-42A3-9474-1A3956D46DE8}") = "4.DAL", "4.DAL", "{347652CA-3C58-4A23-A2AE-0A17FD571D1A}"
EndProject
Project("{2150E333-8FDC-42A3-9474-1A3956D46DE8}") = "1.Start", "1.Start", "{ED875F86-63A5-4556-BB0F-70153F35A202}"
EndProject
Project("{2150E333-8FDC-42A3-9474-1A3956D46DE8}") = "1.Start", "1.Start", "{7E4CC9A1-C935-45D8-9C2C-7FBE415359C4}"
EndProject
Project("{2150E333-8FDC-42A3-9474-1A3956D46DE8}") = "3.DAL", "3.DAL", "{04BA575C-7107-405D-A189-8E4B1B4FBFB0}"
EndProject
Project("{FAE04EC0-301F-11D3-BF4B-00C04F79EFBC}") = "Zhaoxi.SmartParking.Client.DAL", "Client\Zhaoxi.SmartParking.Client.DAL\Zhaoxi.SmartParking.Client.DAL.csproj", "{345A299F-F3AF-404C-B903-DD62AD0DF06E}"
EndProject
Project("{FAE04EC0-301F-11D3-BF4B-00C04F79EFBC}") = "Zhaoxi.SmartParking.Client.IDAL", "Client\Zhaoxi.SmartParking.Client.IDAL\Zhaoxi.SmartParking.Client.IDAL.csproj", "{C09F7C3B-328F-4B8F-B480-3DFFD199D618}"
EndProject
Project("{FAE04EC0-301F-11D3-BF4B-00C04F79EFBC}") = "Zhaoxi.SmartParking.Client.BLL", "Client\Zhaoxi.SmartParking.Client.BLL\Zhaoxi.SmartParking.Client.BLL.csproj", "{307EA93D-C78C-49FC-A898-D58AE2C89575}"
EndProject
Project("{FAE04EC0-301F-11D3-BF4B-00C04F79EFBC}") = "Zhaoxi.SmartParking.Client.IBLL", "Client\Zhaoxi.SmartParking.Client.IBLL\Zhaoxi.SmartParking.Client.IBLL.csproj", "{B52596D6-1ED7-4872-9A4A-205516230018}"
EndProject
Project("{2150E333-8FDC-42A3-9474-1A3956D46DE8}") = "5.Entity", "5.Entity", "{D35BC8BA-2043-48D1-9281-8D2F5A4CF5C8}"
EndProject
Project("{FAE04EC0-301F-11D3-BF4B-00C04F79EFBC}") = "Zhaoxi.SmartParking.Client.Entity", "Client\Zhaoxi.SmartParking.Client.Entity\Zhaoxi.SmartParking.Client.Entity.csproj", "{50ACC0E9-C6F4-4AF7-A5EB-AA797E792933}"
EndProject
Project("{FAE04EC0-301F-11D3-BF4B-00C04F79EFBC}") = "Zhaoxi.SmartParking.Client.Upgrade", "Client\Zhaoxi.SmartParking.Client.Upgrade\Zhaoxi.SmartParking.Client.Upgrade.csproj", "{DA038CBA-8A58-4E2F-9D18-CD9B0930948D}"
EndProject
Project("{2150E333-8FDC-42A3-9474-1A3956D46DE8}") = "6.Common", "6.Common", "{9D5D1068-F541-413E-9D82-D18F5A324E9C}"
EndProject
Project("{FAE04EC0-301F-11D3-BF4B-00C04F79EFBC}") = "Zhaoxi.SmartParking.Client.Common", "Client\Zhaoxi.SmartParking.Client.Common\Zhaoxi.SmartParking.Client.Common.csproj", "{B3203836-CF38-4D46-B0F4-0FD950438E54}"
EndProject
Project("{FAE04EC0-301F-11D3-BF4B-00C04F79EFBC}") = "Zhaoxi.SmartParking.Client.Assets", "Client\Zhaoxi.SmartParking.Client.Assets\Zhaoxi.SmartParking.Client.Assets.csproj", "{4D28479E-DA85-47AD-B143-7D37932845A4}"
EndProject
Project("{FAE04EC0-301F-11D3-BF4B-00C04F79EFBC}") = "Zhaoxi.Controls", "Client\Zhaoxi.Controls\Zhaoxi.Controls.csproj", "{0005A9E6-C1D1-407F-9C28-92F19B11F1CB}"
EndProject
Project("{FAE04EC0-301F-11D3-BF4B-00C04F79EFBC}") = "Zhaoxi.SmartParking.Client.MainModule", "Client\Zhaoxi.SmartParking.Client.MainModule\Zhaoxi.SmartParking.Client.MainModule.csproj", "{410C6292-514A-413B-B473-D56A3D2DB482}"
EndProject
Project("{FAE04EC0-301F-11D3-BF4B-00C04F79EFBC}") = "Zhaoxi.SmartParking.Client.SysModule", "Client\Zhaoxi.SmartParking.Client.SysModule\Zhaoxi.SmartParking.Client.SysModule.csproj", "{5A612A22-A361-47DB-A542-80F833951401}"
EndProject
Project("{FAE04EC0-301F-11D3-BF4B-00C04F79EFBC}") = "Zhaoxi.SmartParking.Client.Models", "Client\Zhaoxi.SmartParking.Client.Models\Zhaoxi.SmartParking.Client.Models.csproj", "{E0503C2D-79B7-4EE6-BC28-CABD5B44FAF0}"
EndProject
Project("{FAE04EC0-301F-11D3-BF4B-00C04F79EFBC}") = "Zhaoxi.SmartParking.Client.BaseModule", "Client\Zhaoxi.SmartParking.Client.BaseModule\Zhaoxi.SmartParking.Client.BaseModule.csproj", "{758CB224-C287-4466-AF8A-066718033092}"
EndProject
Project("{FAE04EC0-301F-11D3-BF4B-00C04F79EFBC}") = "Zhaoxi.SmartParking.Client.AutoModule", "Client\Zhaoxi.SmartParking.Client.AutoModule\Zhaoxi.SmartParking.Client.AutoModule.csproj", "{98A3F5F5-DBA7-4D1B-A037-B3D068A95884}"
EndProject
Project("{2150E333-8FDC-42A3-9474-1A3956D46DE8}") = "7.Simulation", "7.Simulation", "{25A12C99-986E-4B0B-B99F-4EE2ECEE1DBC}"
EndProject
Project("{FAE04EC0-301F-11D3-BF4B-00C04F79EFBC}") = "Zhaoxi.Simulation.Devices", "Simulation\Zhaoxi.Simulation.Devices\Zhaoxi.Simulation.Devices.csproj", "{778052FD-F99F-41C1-B832-A91F692D84F0}"
EndProject
Project("{FAE04EC0-301F-11D3-BF4B-00C04F79EFBC}") = "Zhaoxi.Simulation.PromptScreen", "Simulation\Zhaoxi.Simulation.PromptScreen\Zhaoxi.Simulation.PromptScreen.csproj", "{33658139-D50C-4F34-B582-143A5F7758A0}"
EndProject
Project("{2150E333-8FDC-42A3-9474-1A3956D46DE8}") = "8.Log", "8.Log", "{E806E344-A141-4EF5-B371-C4B88D6F8E27}"
EndProject
Project("{FAE04EC0-301F-11D3-BF4B-00C04F79EFBC}") = "Zhaoxi.SmartParking.Client.Log", "Client\Zhaoxi.SmartParking.Client.Log\Zhaoxi.SmartParking.Client.Log.csproj", "{56B182D4-051D-4FE8-8CAB-99C7DC732FF1}"
EndProject
Project("{FAE04EC0-301F-11D3-BF4B-00C04F79EFBC}") = "Zhaoxi.SmartParking.Client.ILog", "Client\Zhaoxi.SmartParking.Client.ILog\Zhaoxi.SmartParking.Client.ILog.csproj", "{1AE3E3C8-167A-4239-A49E-19C94C5D1CAD}"
EndProject
Project("{FAE04EC0-301F-11D3-BF4B-00C04F79EFBC}") = "Zhaoxi.SmartParking.Client.ReportModule", "Client\Zhaoxi.SmartParking.Client.ReportModule\Zhaoxi.SmartParking.Client.ReportModule.csproj", "{73D620BB-7755-4A8E-9269-0B8D16B6F174}"
EndProject
Global
	GlobalSection(SolutionConfigurationPlatforms) = preSolution
		Debug|Any CPU = Debug|Any CPU
		Release|Any CPU = Release|Any CPU
	EndGlobalSection
	GlobalSection(ProjectConfigurationPlatforms) = postSolution
		{DC92A6BE-E381-47CB-B190-7A917BC989E5}.Debug|Any CPU.ActiveCfg = Debug|Any CPU
		{DC92A6BE-E381-47CB-B190-7A917BC989E5}.Debug|Any CPU.Build.0 = Debug|Any CPU
		{DC92A6BE-E381-47CB-B190-7A917BC989E5}.Release|Any CPU.ActiveCfg = Release|Any CPU
		{DC92A6BE-E381-47CB-B190-7A917BC989E5}.Release|Any CPU.Build.0 = Release|Any CPU
		{F2BA5FF3-2762-4EE6-A6B8-4B8C289B1B99}.Debug|Any CPU.ActiveCfg = Debug|Any CPU
		{F2BA5FF3-2762-4EE6-A6B8-4B8C289B1B99}.Debug|Any CPU.Build.0 = Debug|Any CPU
		{F2BA5FF3-2762-4EE6-A6B8-4B8C289B1B99}.Release|Any CPU.ActiveCfg = Release|Any CPU
		{F2BA5FF3-2762-4EE6-A6B8-4B8C289B1B99}.Release|Any CPU.Build.0 = Release|Any CPU
		{53BB7617-C03C-4DD0-85FE-84306569F628}.Debug|Any CPU.ActiveCfg = Debug|Any CPU
		{53BB7617-C03C-4DD0-85FE-84306569F628}.Debug|Any CPU.Build.0 = Debug|Any CPU
		{53BB7617-C03C-4DD0-85FE-84306569F628}.Release|Any CPU.ActiveCfg = Release|Any CPU
		{53BB7617-C03C-4DD0-85FE-84306569F628}.Release|Any CPU.Build.0 = Release|Any CPU
		{7167C0FF-08DD-4058-BCB9-3BCB0F494343}.Debug|Any CPU.ActiveCfg = Debug|Any CPU
		{7167C0FF-08DD-4058-BCB9-3BCB0F494343}.Debug|Any CPU.Build.0 = Debug|Any CPU
		{7167C0FF-08DD-4058-BCB9-3BCB0F494343}.Release|Any CPU.ActiveCfg = Release|Any CPU
		{7167C0FF-08DD-4058-BCB9-3BCB0F494343}.Release|Any CPU.Build.0 = Release|Any CPU
		{C2C573EE-49EC-47DB-AE9A-0239CEDAAEF0}.Debug|Any CPU.ActiveCfg = Debug|Any CPU
		{C2C573EE-49EC-47DB-AE9A-0239CEDAAEF0}.Debug|Any CPU.Build.0 = Debug|Any CPU
		{C2C573EE-49EC-47DB-AE9A-0239CEDAAEF0}.Release|Any CPU.ActiveCfg = Release|Any CPU
		{C2C573EE-49EC-47DB-AE9A-0239CEDAAEF0}.Release|Any CPU.Build.0 = Release|Any CPU
		{38DC9F3E-A596-49D9-954D-FD3207D20EE6}.Debug|Any CPU.ActiveCfg = Debug|Any CPU
		{38DC9F3E-A596-49D9-954D-FD3207D20EE6}.Debug|Any CPU.Build.0 = Debug|Any CPU
		{38DC9F3E-A596-49D9-954D-FD3207D20EE6}.Release|Any CPU.ActiveCfg = Release|Any CPU
		{38DC9F3E-A596-49D9-954D-FD3207D20EE6}.Release|Any CPU.Build.0 = Release|Any CPU
		{2F59C662-1A07-44E3-BC1B-ED9DC3A38E7E}.Debug|Any CPU.ActiveCfg = Debug|Any CPU
		{2F59C662-1A07-44E3-BC1B-ED9DC3A38E7E}.Debug|Any CPU.Build.0 = Debug|Any CPU
		{2F59C662-1A07-44E3-BC1B-ED9DC3A38E7E}.Release|Any CPU.ActiveCfg = Release|Any CPU
		{2F59C662-1A07-44E3-BC1B-ED9DC3A38E7E}.Release|Any CPU.Build.0 = Release|Any CPU
		{9FC9B625-1A62-41E4-BCA5-12681E697A4E}.Debug|Any CPU.ActiveCfg = Debug|Any CPU
		{9FC9B625-1A62-41E4-BCA5-12681E697A4E}.Debug|Any CPU.Build.0 = Debug|Any CPU
		{9FC9B625-1A62-41E4-BCA5-12681E697A4E}.Release|Any CPU.ActiveCfg = Release|Any CPU
		{9FC9B625-1A62-41E4-BCA5-12681E697A4E}.Release|Any CPU.Build.0 = Release|Any CPU
		{345A299F-F3AF-404C-B903-DD62AD0DF06E}.Debug|Any CPU.ActiveCfg = Debug|Any CPU
		{345A299F-F3AF-404C-B903-DD62AD0DF06E}.Debug|Any CPU.Build.0 = Debug|Any CPU
		{345A299F-F3AF-404C-B903-DD62AD0DF06E}.Release|Any CPU.ActiveCfg = Release|Any CPU
		{345A299F-F3AF-404C-B903-DD62AD0DF06E}.Release|Any CPU.Build.0 = Release|Any CPU
		{C09F7C3B-328F-4B8F-B480-3DFFD199D618}.Debug|Any CPU.ActiveCfg = Debug|Any CPU
		{C09F7C3B-328F-4B8F-B480-3DFFD199D618}.Debug|Any CPU.Build.0 = Debug|Any CPU
		{C09F7C3B-328F-4B8F-B480-3DFFD199D618}.Release|Any CPU.ActiveCfg = Release|Any CPU
		{C09F7C3B-328F-4B8F-B480-3DFFD199D618}.Release|Any CPU.Build.0 = Release|Any CPU
		{307EA93D-C78C-49FC-A898-D58AE2C89575}.Debug|Any CPU.ActiveCfg = Debug|Any CPU
		{307EA93D-C78C-49FC-A898-D58AE2C89575}.Debug|Any CPU.Build.0 = Debug|Any CPU
		{307EA93D-C78C-49FC-A898-D58AE2C89575}.Release|Any CPU.ActiveCfg = Release|Any CPU
		{307EA93D-C78C-49FC-A898-D58AE2C89575}.Release|Any CPU.Build.0 = Release|Any CPU
		{B52596D6-1ED7-4872-9A4A-205516230018}.Debug|Any CPU.ActiveCfg = Debug|Any CPU
		{B52596D6-1ED7-4872-9A4A-205516230018}.Debug|Any CPU.Build.0 = Debug|Any CPU
		{B52596D6-1ED7-4872-9A4A-205516230018}.Release|Any CPU.ActiveCfg = Release|Any CPU
		{B52596D6-1ED7-4872-9A4A-205516230018}.Release|Any CPU.Build.0 = Release|Any CPU
		{50ACC0E9-C6F4-4AF7-A5EB-AA797E792933}.Debug|Any CPU.ActiveCfg = Debug|Any CPU
		{50ACC0E9-C6F4-4AF7-A5EB-AA797E792933}.Debug|Any CPU.Build.0 = Debug|Any CPU
		{50ACC0E9-C6F4-4AF7-A5EB-AA797E792933}.Release|Any CPU.ActiveCfg = Release|Any CPU
		{50ACC0E9-C6F4-4AF7-A5EB-AA797E792933}.Release|Any CPU.Build.0 = Release|Any CPU
		{DA038CBA-8A58-4E2F-9D18-CD9B0930948D}.Debug|Any CPU.ActiveCfg = Debug|Any CPU
		{DA038CBA-8A58-4E2F-9D18-CD9B0930948D}.Debug|Any CPU.Build.0 = Debug|Any CPU
		{DA038CBA-8A58-4E2F-9D18-CD9B0930948D}.Release|Any CPU.ActiveCfg = Release|Any CPU
		{DA038CBA-8A58-4E2F-9D18-CD9B0930948D}.Release|Any CPU.Build.0 = Release|Any CPU
		{B3203836-CF38-4D46-B0F4-0FD950438E54}.Debug|Any CPU.ActiveCfg = Debug|Any CPU
		{B3203836-CF38-4D46-B0F4-0FD950438E54}.Debug|Any CPU.Build.0 = Debug|Any CPU
		{B3203836-CF38-4D46-B0F4-0FD950438E54}.Release|Any CPU.ActiveCfg = Release|Any CPU
		{B3203836-CF38-4D46-B0F4-0FD950438E54}.Release|Any CPU.Build.0 = Release|Any CPU
		{4D28479E-DA85-47AD-B143-7D37932845A4}.Debug|Any CPU.ActiveCfg = Debug|Any CPU
		{4D28479E-DA85-47AD-B143-7D37932845A4}.Debug|Any CPU.Build.0 = Debug|Any CPU
		{4D28479E-DA85-47AD-B143-7D37932845A4}.Release|Any CPU.ActiveCfg = Release|Any CPU
		{4D28479E-DA85-47AD-B143-7D37932845A4}.Release|Any CPU.Build.0 = Release|Any CPU
		{0005A9E6-C1D1-407F-9C28-92F19B11F1CB}.Debug|Any CPU.ActiveCfg = Debug|Any CPU
		{0005A9E6-C1D1-407F-9C28-92F19B11F1CB}.Debug|Any CPU.Build.0 = Debug|Any CPU
		{0005A9E6-C1D1-407F-9C28-92F19B11F1CB}.Release|Any CPU.ActiveCfg = Release|Any CPU
		{0005A9E6-C1D1-407F-9C28-92F19B11F1CB}.Release|Any CPU.Build.0 = Release|Any CPU
		{410C6292-514A-413B-B473-D56A3D2DB482}.Debug|Any CPU.ActiveCfg = Debug|Any CPU
		{410C6292-514A-413B-B473-D56A3D2DB482}.Debug|Any CPU.Build.0 = Debug|Any CPU
		{410C6292-514A-413B-B473-D56A3D2DB482}.Release|Any CPU.ActiveCfg = Release|Any CPU
		{410C6292-514A-413B-B473-D56A3D2DB482}.Release|Any CPU.Build.0 = Release|Any CPU
		{5A612A22-A361-47DB-A542-80F833951401}.Debug|Any CPU.ActiveCfg = Debug|Any CPU
		{5A612A22-A361-47DB-A542-80F833951401}.Debug|Any CPU.Build.0 = Debug|Any CPU
		{5A612A22-A361-47DB-A542-80F833951401}.Release|Any CPU.ActiveCfg = Release|Any CPU
		{5A612A22-A361-47DB-A542-80F833951401}.Release|Any CPU.Build.0 = Release|Any CPU
		{E0503C2D-79B7-4EE6-BC28-CABD5B44FAF0}.Debug|Any CPU.ActiveCfg = Debug|Any CPU
		{E0503C2D-79B7-4EE6-BC28-CABD5B44FAF0}.Debug|Any CPU.Build.0 = Debug|Any CPU
		{E0503C2D-79B7-4EE6-BC28-CABD5B44FAF0}.Release|Any CPU.ActiveCfg = Release|Any CPU
		{E0503C2D-79B7-4EE6-BC28-CABD5B44FAF0}.Release|Any CPU.Build.0 = Release|Any CPU
		{758CB224-C287-4466-AF8A-066718033092}.Debug|Any CPU.ActiveCfg = Debug|Any CPU
		{758CB224-C287-4466-AF8A-066718033092}.Debug|Any CPU.Build.0 = Debug|Any CPU
		{758CB224-C287-4466-AF8A-066718033092}.Release|Any CPU.ActiveCfg = Release|Any CPU
		{758CB224-C287-4466-AF8A-066718033092}.Release|Any CPU.Build.0 = Release|Any CPU
		{98A3F5F5-DBA7-4D1B-A037-B3D068A95884}.Debug|Any CPU.ActiveCfg = Debug|Any CPU
		{98A3F5F5-DBA7-4D1B-A037-B3D068A95884}.Debug|Any CPU.Build.0 = Debug|Any CPU
		{98A3F5F5-DBA7-4D1B-A037-B3D068A95884}.Release|Any CPU.ActiveCfg = Release|Any CPU
		{98A3F5F5-DBA7-4D1B-A037-B3D068A95884}.Release|Any CPU.Build.0 = Release|Any CPU
		{778052FD-F99F-41C1-B832-A91F692D84F0}.Debug|Any CPU.ActiveCfg = Debug|Any CPU
		{778052FD-F99F-41C1-B832-A91F692D84F0}.Debug|Any CPU.Build.0 = Debug|Any CPU
		{778052FD-F99F-41C1-B832-A91F692D84F0}.Release|Any CPU.ActiveCfg = Release|Any CPU
		{778052FD-F99F-41C1-B832-A91F692D84F0}.Release|Any CPU.Build.0 = Release|Any CPU
		{33658139-D50C-4F34-B582-143A5F7758A0}.Debug|Any CPU.ActiveCfg = Debug|Any CPU
		{33658139-D50C-4F34-B582-143A5F7758A0}.Debug|Any CPU.Build.0 = Debug|Any CPU
		{33658139-D50C-4F34-B582-143A5F7758A0}.Release|Any CPU.ActiveCfg = Release|Any CPU
		{33658139-D50C-4F34-B582-143A5F7758A0}.Release|Any CPU.Build.0 = Release|Any CPU
		{56B182D4-051D-4FE8-8CAB-99C7DC732FF1}.Debug|Any CPU.ActiveCfg = Debug|Any CPU
		{56B182D4-051D-4FE8-8CAB-99C7DC732FF1}.Debug|Any CPU.Build.0 = Debug|Any CPU
		{56B182D4-051D-4FE8-8CAB-99C7DC732FF1}.Release|Any CPU.ActiveCfg = Release|Any CPU
		{56B182D4-051D-4FE8-8CAB-99C7DC732FF1}.Release|Any CPU.Build.0 = Release|Any CPU
		{1AE3E3C8-167A-4239-A49E-19C94C5D1CAD}.Debug|Any CPU.ActiveCfg = Debug|Any CPU
		{1AE3E3C8-167A-4239-A49E-19C94C5D1CAD}.Debug|Any CPU.Build.0 = Debug|Any CPU
		{1AE3E3C8-167A-4239-A49E-19C94C5D1CAD}.Release|Any CPU.ActiveCfg = Release|Any CPU
		{1AE3E3C8-167A-4239-A49E-19C94C5D1CAD}.Release|Any CPU.Build.0 = Release|Any CPU
		{73D620BB-7755-4A8E-9269-0B8D16B6F174}.Debug|Any CPU.ActiveCfg = Debug|Any CPU
		{73D620BB-7755-4A8E-9269-0B8D16B6F174}.Debug|Any CPU.Build.0 = Debug|Any CPU
		{73D620BB-7755-4A8E-9269-0B8D16B6F174}.Release|Any CPU.ActiveCfg = Release|Any CPU
		{73D620BB-7755-4A8E-9269-0B8D16B6F174}.Release|Any CPU.Build.0 = Release|Any CPU
	EndGlobalSection
	GlobalSection(SolutionProperties) = preSolution
		HideSolutionNode = FALSE
	EndGlobalSection
	GlobalSection(NestedProjects) = preSolution
		{DC92A6BE-E381-47CB-B190-7A917BC989E5} = {7E4CC9A1-C935-45D8-9C2C-7FBE415359C4}
		{F2BA5FF3-2762-4EE6-A6B8-4B8C289B1B99} = {ED875F86-63A5-4556-BB0F-70153F35A202}
		{38680994-D7BD-42C3-9571-6735F94F8B7F} = {53AAF802-F95B-4F0C-A66E-3A2F7E56D766}
		{53BB7617-C03C-4DD0-85FE-84306569F628} = {38680994-D7BD-42C3-9571-6735F94F8B7F}
		{7167C0FF-08DD-4058-BCB9-3BCB0F494343} = {04BA575C-7107-405D-A189-8E4B1B4FBFB0}
		{C2C573EE-49EC-47DB-AE9A-0239CEDAAEF0} = {38680994-D7BD-42C3-9571-6735F94F8B7F}
		{A2468904-7071-4F97-BB5E-6A2F7003BE5F} = {53AAF802-F95B-4F0C-A66E-3A2F7E56D766}
		{38DC9F3E-A596-49D9-954D-FD3207D20EE6} = {A2468904-7071-4F97-BB5E-6A2F7003BE5F}
		{2F59C662-1A07-44E3-BC1B-ED9DC3A38E7E} = {A2468904-7071-4F97-BB5E-6A2F7003BE5F}
		{9FC9B625-1A62-41E4-BCA5-12681E697A4E} = {38680994-D7BD-42C3-9571-6735F94F8B7F}
		{EF02EDCD-FFD6-488E-998D-3E9F13F3C8A7} = {C9DB11B3-2370-47A1-8EF7-AF84B9642D1F}
		{D166D6C5-3591-47E8-B79E-4D29B7D1F4B9} = {C9DB11B3-2370-47A1-8EF7-AF84B9642D1F}
		{347652CA-3C58-4A23-A2AE-0A17FD571D1A} = {C9DB11B3-2370-47A1-8EF7-AF84B9642D1F}
		{ED875F86-63A5-4556-BB0F-70153F35A202} = {C9DB11B3-2370-47A1-8EF7-AF84B9642D1F}
		{7E4CC9A1-C935-45D8-9C2C-7FBE415359C4} = {53AAF802-F95B-4F0C-A66E-3A2F7E56D766}
		{04BA575C-7107-405D-A189-8E4B1B4FBFB0} = {53AAF802-F95B-4F0C-A66E-3A2F7E56D766}
		{345A299F-F3AF-404C-B903-DD62AD0DF06E} = {347652CA-3C58-4A23-A2AE-0A17FD571D1A}
		{C09F7C3B-328F-4B8F-B480-3DFFD199D618} = {347652CA-3C58-4A23-A2AE-0A17FD571D1A}
		{307EA93D-C78C-49FC-A898-D58AE2C89575} = {D166D6C5-3591-47E8-B79E-4D29B7D1F4B9}
		{B52596D6-1ED7-4872-9A4A-205516230018} = {D166D6C5-3591-47E8-B79E-4D29B7D1F4B9}
		{D35BC8BA-2043-48D1-9281-8D2F5A4CF5C8} = {C9DB11B3-2370-47A1-8EF7-AF84B9642D1F}
		{50ACC0E9-C6F4-4AF7-A5EB-AA797E792933} = {D35BC8BA-2043-48D1-9281-8D2F5A4CF5C8}
		{DA038CBA-8A58-4E2F-9D18-CD9B0930948D} = {ED875F86-63A5-4556-BB0F-70153F35A202}
		{9D5D1068-F541-413E-9D82-D18F5A324E9C} = {C9DB11B3-2370-47A1-8EF7-AF84B9642D1F}
		{B3203836-CF38-4D46-B0F4-0FD950438E54} = {9D5D1068-F541-413E-9D82-D18F5A324E9C}
		{4D28479E-DA85-47AD-B143-7D37932845A4} = {9D5D1068-F541-413E-9D82-D18F5A324E9C}
		{0005A9E6-C1D1-407F-9C28-92F19B11F1CB} = {9D5D1068-F541-413E-9D82-D18F5A324E9C}
		{410C6292-514A-413B-B473-D56A3D2DB482} = {EF02EDCD-FFD6-488E-998D-3E9F13F3C8A7}
		{5A612A22-A361-47DB-A542-80F833951401} = {EF02EDCD-FFD6-488E-998D-3E9F13F3C8A7}
		{E0503C2D-79B7-4EE6-BC28-CABD5B44FAF0} = {9D5D1068-F541-413E-9D82-D18F5A324E9C}
		{758CB224-C287-4466-AF8A-066718033092} = {EF02EDCD-FFD6-488E-998D-3E9F13F3C8A7}
		{98A3F5F5-DBA7-4D1B-A037-B3D068A95884} = {EF02EDCD-FFD6-488E-998D-3E9F13F3C8A7}
		{25A12C99-986E-4B0B-B99F-4EE2ECEE1DBC} = {C9DB11B3-2370-47A1-8EF7-AF84B9642D1F}
		{778052FD-F99F-41C1-B832-A91F692D84F0} = {25A12C99-986E-4B0B-B99F-4EE2ECEE1DBC}
		{33658139-D50C-4F34-B582-143A5F7758A0} = {25A12C99-986E-4B0B-B99F-4EE2ECEE1DBC}
		{E806E344-A141-4EF5-B371-C4B88D6F8E27} = {C9DB11B3-2370-47A1-8EF7-AF84B9642D1F}
		{56B182D4-051D-4FE8-8CAB-99C7DC732FF1} = {E806E344-A141-4EF5-B371-C4B88D6F8E27}
		{1AE3E3C8-167A-4239-A49E-19C94C5D1CAD} = {E806E344-A141-4EF5-B371-C4B88D6F8E27}
		{73D620BB-7755-4A8E-9269-0B8D16B6F174} = {EF02EDCD-FFD6-488E-998D-3E9F13F3C8A7}
	EndGlobalSection
	GlobalSection(ExtensibilityGlobals) = postSolution
		SolutionGuid = {6FF53049-41DE-4DC6-9B32-BE3D55B7A887}
	EndGlobalSection
EndGlobal
